
Microsoft Visual Studio Solution File, Format Version 12.00
# Visual Studio Version 17
VisualStudioVersion = 17.2.32505.173
MinimumVisualStudioVersion = 10.0.40219.1
Project("{FAE04EC0-301F-11D3-BF4B-00C04F79EFBC}") = "SshTest", "SshTest\SshTest.csproj", "{82568331-1F62-4FCD-96CE-535FC9BF13BD}"
EndProject
Global
	GlobalSection(SolutionConfigurationPlatforms) = preSolution
		Debug|Any CPU = Debug|Any CPU
		Release|Any CPU = Release|Any CPU
	EndGlobalSection
	GlobalSection(ProjectConfigurationPlatforms) = postSolution
		{82568331-1F62-4FCD-96CE-535FC9BF13BD}.Debug|Any CPU.ActiveCfg = Debug|Any CPU
		{82568331-1F62-4FCD-96CE-535FC9BF13BD}.Debug|Any CPU.Build.0 = Debug|Any CPU
		{82568331-1F62-4FCD-96CE-535FC9BF13BD}.Release|Any CPU.ActiveCfg = Release|Any CPU
		{82568331-1F62-4FCD-96CE-535FC9BF13BD}.Release|Any CPU.Build.0 = Release|Any CPU
	EndGlobalSection
	GlobalSection(SolutionProperties) = preSolution
		HideSolutionNode = FALSE
	EndGlobalSection
	GlobalSection(ExtensibilityGlobals) = postSolution
		SolutionGuid = {5B81F3CB-7FBC-491D-AFD5-762B2F2EC098}
	EndGlobalSection
EndGlobal
